// !$*UTF8*$!
{
	archiveVersion = 1;
	classes = {
	};
	objectVersion = 56;
	objects = {

/* Begin PBXBuildFile section */
		5D26F5BF2A62B05700B726E1 /* NetworkContainer.swift in Sources */ = {isa = PBXBuildFile; fileRef = 5D26F5BE2A62B05700B726E1 /* NetworkContainer.swift */; };
		5DE8F6B42A617CCE006EEF7A /* AppDelegate.swift in Sources */ = {isa = PBXBuildFile; fileRef = 5DE8F6B32A617CCE006EEF7A /* AppDelegate.swift */; };
		5DE8F6B62A617CCE006EEF7A /* SceneDelegate.swift in Sources */ = {isa = PBXBuildFile; fileRef = 5DE8F6B52A617CCE006EEF7A /* SceneDelegate.swift */; };
		5DE8F6BD2A617CCF006EEF7A /* Assets.xcassets in Resources */ = {isa = PBXBuildFile; fileRef = 5DE8F6BC2A617CCF006EEF7A /* Assets.xcassets */; };
		5DE8F6C02A617CCF006EEF7A /* LaunchScreen.storyboard in Resources */ = {isa = PBXBuildFile; fileRef = 5DE8F6BE2A617CCF006EEF7A /* LaunchScreen.storyboard */; };
		5DE8F6C82A617D9E006EEF7A /* CollectionViewController.swift in Sources */ = {isa = PBXBuildFile; fileRef = 5DE8F6C72A617D9E006EEF7A /* CollectionViewController.swift */; };
		5DE8F6CA2A617E3A006EEF7A /* ViewController.swift in Sources */ = {isa = PBXBuildFile; fileRef = 5DE8F6C92A617E3A006EEF7A /* ViewController.swift */; };
		5DE8F6D52A61A027006EEF7A /* ImageCell.swift in Sources */ = {isa = PBXBuildFile; fileRef = 5DE8F6D42A61A027006EEF7A /* ImageCell.swift */; };
		5DE8F6D82A61A783006EEF7A /* NetworkManager.swift in Sources */ = {isa = PBXBuildFile; fileRef = 5DE8F6D72A61A783006EEF7A /* NetworkManager.swift */; };
		5DE8F6DA2A61AC4B006EEF7A /* Post.swift in Sources */ = {isa = PBXBuildFile; fileRef = 5DE8F6D92A61AC4B006EEF7A /* Post.swift */; };
		5DE8F6DD2A61B62A006EEF7A /* Kingfisher in Frameworks */ = {isa = PBXBuildFile; productRef = 5DE8F6DC2A61B62A006EEF7A /* Kingfisher */; };
/* End PBXBuildFile section */

/* Begin PBXFileReference section */
		5D26F5BE2A62B05700B726E1 /* NetworkContainer.swift */ = {isa = PBXFileReference; lastKnownFileType = sourcecode.swift; path = NetworkContainer.swift; sourceTree = "<group>"; };
		5DE8F6B02A617CCE006EEF7A /* Image App.app */ = {isa = PBXFileReference; explicitFileType = wrapper.application; includeInIndex = 0; path = "Image App.app"; sourceTree = BUILT_PRODUCTS_DIR; };
		5DE8F6B32A617CCE006EEF7A /* AppDelegate.swift */ = {isa = PBXFileReference; lastKnownFileType = sourcecode.swift; path = AppDelegate.swift; sourceTree = "<group>"; };
		5DE8F6B52A617CCE006EEF7A /* SceneDelegate.swift */ = {isa = PBXFileReference; lastKnownFileType = sourcecode.swift; path = SceneDelegate.swift; sourceTree = "<group>"; };
		5DE8F6BC2A617CCF006EEF7A /* Assets.xcassets */ = {isa = PBXFileReference; lastKnownFileType = folder.assetcatalog; path = Assets.xcassets; sourceTree = "<group>"; };
		5DE8F6BF2A617CCF006EEF7A /* Base */ = {isa = PBXFileReference; lastKnownFileType = file.storyboard; name = Base; path = Base.lproj/LaunchScreen.storyboard; sourceTree = "<group>"; };
		5DE8F6C12A617CCF006EEF7A /* Info.plist */ = {isa = PBXFileReference; lastKnownFileType = text.plist.xml; path = Info.plist; sourceTree = "<group>"; };
		5DE8F6C72A617D9E006EEF7A /* CollectionViewController.swift */ = {isa = PBXFileReference; lastKnownFileType = sourcecode.swift; path = CollectionViewController.swift; sourceTree = "<group>"; };
		5DE8F6C92A617E3A006EEF7A /* ViewController.swift */ = {isa = PBXFileReference; lastKnownFileType = sourcecode.swift; path = ViewController.swift; sourceTree = "<group>"; };
		5DE8F6D42A61A027006EEF7A /* ImageCell.swift */ = {isa = PBXFileReference; lastKnownFileType = sourcecode.swift; path = ImageCell.swift; sourceTree = "<group>"; };
		5DE8F6D72A61A783006EEF7A /* NetworkManager.swift */ = {isa = PBXFileReference; lastKnownFileType = sourcecode.swift; path = NetworkManager.swift; sourceTree = "<group>"; };
		5DE8F6D92A61AC4B006EEF7A /* Post.swift */ = {isa = PBXFileReference; lastKnownFileType = sourcecode.swift; path = Post.swift; sourceTree = "<group>"; };
/* End PBXFileReference section */

/* Begin PBXFrameworksBuildPhase section */
		5DE8F6AD2A617CCE006EEF7A /* Frameworks */ = {
			isa = PBXFrameworksBuildPhase;
			buildActionMask = 2147483647;
			files = (
				5DE8F6DD2A61B62A006EEF7A /* Kingfisher in Frameworks */,
			);
			runOnlyForDeploymentPostprocessing = 0;
		};
/* End PBXFrameworksBuildPhase section */

/* Begin PBXGroup section */
		5DE8F6A72A617CCE006EEF7A = {
			isa = PBXGroup;
			children = (
				5DE8F6B22A617CCE006EEF7A /* Image App */,
				5DE8F6B12A617CCE006EEF7A /* Products */,
			);
			sourceTree = "<group>";
		};
		5DE8F6B12A617CCE006EEF7A /* Products */ = {
			isa = PBXGroup;
			children = (
				5DE8F6B02A617CCE006EEF7A /* Image App.app */,
			);
			name = Products;
			sourceTree = "<group>";
		};
		5DE8F6B22A617CCE006EEF7A /* Image App */ = {
			isa = PBXGroup;
			children = (
				5DE8F6CB2A617EBE006EEF7A /* App */,
				5DE8F6CD2A617EE1006EEF7A /* Resources */,
				5DE8F6CE2A617EE8006EEF7A /* Storyboards */,
				5DE8F6D02A617F89006EEF7A /* Extensions */,
				5DE8F6D62A61A768006EEF7A /* Services */,
				5DE8F6CF2A617F7C006EEF7A /* Models */,
				5DE8F6D32A619FD3006EEF7A /* Views */,
				5DE8F6CC2A617ED7006EEF7A /* ViewControllers */,
			);
			path = "Image App";
			sourceTree = "<group>";
		};
		5DE8F6CB2A617EBE006EEF7A /* App */ = {
			isa = PBXGroup;
			children = (
				5DE8F6B32A617CCE006EEF7A /* AppDelegate.swift */,
				5DE8F6B52A617CCE006EEF7A /* SceneDelegate.swift */,
				5DE8F6C12A617CCF006EEF7A /* Info.plist */,
			);
			path = App;
			sourceTree = "<group>";
		};
		5DE8F6CC2A617ED7006EEF7A /* ViewControllers */ = {
			isa = PBXGroup;
			children = (
				5DE8F6C72A617D9E006EEF7A /* CollectionViewController.swift */,
				5DE8F6C92A617E3A006EEF7A /* ViewController.swift */,
			);
			path = ViewControllers;
			sourceTree = "<group>";
		};
		5DE8F6CD2A617EE1006EEF7A /* Resources */ = {
			isa = PBXGroup;
			children = (
				5DE8F6BC2A617CCF006EEF7A /* Assets.xcassets */,
			);
			path = Resources;
			sourceTree = "<group>";
		};
		5DE8F6CE2A617EE8006EEF7A /* Storyboards */ = {
			isa = PBXGroup;
			children = (
				5DE8F6BE2A617CCF006EEF7A /* LaunchScreen.storyboard */,
			);
			path = Storyboards;
			sourceTree = "<group>";
		};
		5DE8F6CF2A617F7C006EEF7A /* Models */ = {
			isa = PBXGroup;
			children = (
				5DE8F6D92A61AC4B006EEF7A /* Post.swift */,
			);
			path = Models;
			sourceTree = "<group>";
		};
		5DE8F6D02A617F89006EEF7A /* Extensions */ = {
			isa = PBXGroup;
			children = (
			);
			path = Extensions;
			sourceTree = "<group>";
		};
		5DE8F6D32A619FD3006EEF7A /* Views */ = {
			isa = PBXGroup;
			children = (
				5DE8F6D42A61A027006EEF7A /* ImageCell.swift */,
			);
			path = Views;
			sourceTree = "<group>";
		};
		5DE8F6D62A61A768006EEF7A /* Services */ = {
			isa = PBXGroup;
			children = (
				5DE8F6D72A61A783006EEF7A /* NetworkManager.swift */,
				5D26F5BE2A62B05700B726E1 /* NetworkContainer.swift */,
			);
			path = Services;
			sourceTree = "<group>";
		};
/* End PBXGroup section */

/* Begin PBXNativeTarget section */
		5DE8F6AF2A617CCE006EEF7A /* Image App */ = {
			isa = PBXNativeTarget;
			buildConfigurationList = 5DE8F6C42A617CCF006EEF7A /* Build configuration list for PBXNativeTarget "Image App" */;
			buildPhases = (
				5DE8F6AC2A617CCE006EEF7A /* Sources */,
				5DE8F6AD2A617CCE006EEF7A /* Frameworks */,
				5DE8F6AE2A617CCE006EEF7A /* Resources */,
			);
			buildRules = (
			);
			dependencies = (
			);
			name = "Image App";
			packageProductDependencies = (
				5DE8F6DC2A61B62A006EEF7A /* Kingfisher */,
			);
			productName = "Image App";
			productReference = 5DE8F6B02A617CCE006EEF7A /* Image App.app */;
			productType = "com.apple.product-type.application";
		};
/* End PBXNativeTarget section */

/* Begin PBXProject section */
		5DE8F6A82A617CCE006EEF7A /* Project object */ = {
			isa = PBXProject;
			attributes = {
				BuildIndependentTargetsInParallel = 1;
				LastSwiftUpdateCheck = 1430;
				LastUpgradeCheck = 1430;
				TargetAttributes = {
					5DE8F6AF2A617CCE006EEF7A = {
						CreatedOnToolsVersion = 14.3.1;
					};
				};
			};
			buildConfigurationList = 5DE8F6AB2A617CCE006EEF7A /* Build configuration list for PBXProject "Image App" */;
			compatibilityVersion = "Xcode 14.0";
			developmentRegion = en;
			hasScannedForEncodings = 0;
			knownRegions = (
				en,
				Base,
			);
			mainGroup = 5DE8F6A72A617CCE006EEF7A;
			packageReferences = (
				5DE8F6DB2A61B62A006EEF7A /* XCRemoteSwiftPackageReference "Kingfisher" */,
			);
			productRefGroup = 5DE8F6B12A617CCE006EEF7A /* Products */;
			projectDirPath = "";
			projectRoot = "";
			targets = (
				5DE8F6AF2A617CCE006EEF7A /* Image App */,
			);
		};
/* End PBXProject section */

/* Begin PBXResourcesBuildPhase section */
		5DE8F6AE2A617CCE006EEF7A /* Resources */ = {
			isa = PBXResourcesBuildPhase;
			buildActionMask = 2147483647;
			files = (
				5DE8F6C02A617CCF006EEF7A /* LaunchScreen.storyboard in Resources */,
				5DE8F6BD2A617CCF006EEF7A /* Assets.xcassets in Resources */,
			);
			runOnlyForDeploymentPostprocessing = 0;
		};
/* End PBXResourcesBuildPhase section */

/* Begin PBXSourcesBuildPhase section */
		5DE8F6AC2A617CCE006EEF7A /* Sources */ = {
			isa = PBXSourcesBuildPhase;
			buildActionMask = 2147483647;
			files = (
				5DE8F6D82A61A783006EEF7A /* NetworkManager.swift in Sources */,
				5DE8F6C82A617D9E006EEF7A /* CollectionViewController.swift in Sources */,
				5DE8F6B42A617CCE006EEF7A /* AppDelegate.swift in Sources */,
				5DE8F6CA2A617E3A006EEF7A /* ViewController.swift in Sources */,
				5DE8F6B62A617CCE006EEF7A /* SceneDelegate.swift in Sources */,
				5DE8F6DA2A61AC4B006EEF7A /* Post.swift in Sources */,
				5D26F5BF2A62B05700B726E1 /* NetworkContainer.swift in Sources */,
				5DE8F6D52A61A027006EEF7A /* ImageCell.swift in Sources */,
			);
			runOnlyForDeploymentPostprocessing = 0;
		};
/* End PBXSourcesBuildPhase section */

/* Begin PBXVariantGroup section */
		5DE8F6BE2A617CCF006EEF7A /* LaunchScreen.storyboard */ = {
			isa = PBXVariantGroup;
			children = (
				5DE8F6BF2A617CCF006EEF7A /* Base */,
			);
			name = LaunchScreen.storyboard;
			sourceTree = "<group>";
		};
/* End PBXVariantGroup section */

/* Begin XCBuildConfiguration section */
		5DE8F6C22A617CCF006EEF7A /* Debug */ = {
			isa = XCBuildConfiguration;
			buildSettings = {
				ALWAYS_SEARCH_USER_PATHS = NO;
				CLANG_ANALYZER_NONNULL = YES;
				CLANG_ANALYZER_NUMBER_OBJECT_CONVERSION = YES_AGGRESSIVE;
				CLANG_CXX_LANGUAGE_STANDARD = "gnu++20";
				CLANG_ENABLE_MODULES = YES;
				CLANG_ENABLE_OBJC_ARC = YES;
				CLANG_ENABLE_OBJC_WEAK = YES;
				CLANG_WARN_BLOCK_CAPTURE_AUTORELEASING = YES;
				CLANG_WARN_BOOL_CONVERSION = YES;
				CLANG_WARN_COMMA = YES;
				CLANG_WARN_CONSTANT_CONVERSION = YES;
				CLANG_WARN_DEPRECATED_OBJC_IMPLEMENTATIONS = YES;
				CLANG_WARN_DIRECT_OBJC_ISA_USAGE = YES_ERROR;
				CLANG_WARN_DOCUMENTATION_COMMENTS = YES;
				CLANG_WARN_EMPTY_BODY = YES;
				CLANG_WARN_ENUM_CONVERSION = YES;
				CLANG_WARN_INFINITE_RECURSION = YES;
				CLANG_WARN_INT_CONVERSION = YES;
				CLANG_WARN_NON_LITERAL_NULL_CONVERSION = YES;
				CLANG_WARN_OBJC_IMPLICIT_RETAIN_SELF = YES;
				CLANG_WARN_OBJC_LITERAL_CONVERSION = YES;
				CLANG_WARN_OBJC_ROOT_CLASS = YES_ERROR;
				CLANG_WARN_QUOTED_INCLUDE_IN_FRAMEWORK_HEADER = YES;
				CLANG_WARN_RANGE_LOOP_ANALYSIS = YES;
				CLANG_WARN_STRICT_PROTOTYPES = YES;
				CLANG_WARN_SUSPICIOUS_MOVE = YES;
				CLANG_WARN_UNGUARDED_AVAILABILITY = YES_AGGRESSIVE;
				CLANG_WARN_UNREACHABLE_CODE = YES;
				CLANG_WARN__DUPLICATE_METHOD_MATCH = YES;
				COPY_PHASE_STRIP = NO;
				DEBUG_INFORMATION_FORMAT = dwarf;
				ENABLE_STRICT_OBJC_MSGSEND = YES;
				ENABLE_TESTABILITY = YES;
				GCC_C_LANGUAGE_STANDARD = gnu11;
				GCC_DYNAMIC_NO_PIC = NO;
				GCC_NO_COMMON_BLOCKS = YES;
				GCC_OPTIMIZATION_LEVEL = 0;
				GCC_PREPROCESSOR_DEFINITIONS = (
					"DEBUG=1",
					"$(inherited)",
				);
				GCC_WARN_64_TO_32_BIT_CONVERSION = YES;
				GCC_WARN_ABOUT_RETURN_TYPE = YES_ERROR;
				GCC_WARN_UNDECLARED_SELECTOR = YES;
				GCC_WARN_UNINITIALIZED_AUTOS = YES_AGGRESSIVE;
				GCC_WARN_UNUSED_FUNCTION = YES;
				GCC_WARN_UNUSED_VARIABLE = YES;
				IPHONEOS_DEPLOYMENT_TARGET = 16.4;
				MTL_ENABLE_DEBUG_INFO = INCLUDE_SOURCE;
				MTL_FAST_MATH = YES;
				ONLY_ACTIVE_ARCH = YES;
				SDKROOT = iphoneos;
				SWIFT_ACTIVE_COMPILATION_CONDITIONS = DEBUG;
				SWIFT_OPTIMIZATION_LEVEL = "-Onone";
			};
			name = Debug;
		};
		5DE8F6C32A617CCF006EEF7A /* Release */ = {
			isa = XCBuildConfiguration;
			buildSettings = {
				ALWAYS_SEARCH_USER_PATHS = NO;
				CLANG_ANALYZER_NONNULL = YES;
				CLANG_ANALYZER_NUMBER_OBJECT_CONVERSION = YES_AGGRESSIVE;
				CLANG_CXX_LANGUAGE_STANDARD = "gnu++20";
				CLANG_ENABLE_MODULES = YES;
				CLANG_ENABLE_OBJC_ARC = YES;
				CLANG_ENABLE_OBJC_WEAK = YES;
				CLANG_WARN_BLOCK_CAPTURE_AUTORELEASING = YES;
				CLANG_WARN_BOOL_CONVERSION = YES;
				CLANG_WARN_COMMA = YES;
				CLANG_WARN_CONSTANT_CONVERSION = YES;
				CLANG_WARN_DEPRECATED_OBJC_IMPLEMENTATIONS = YES;
				CLANG_WARN_DIRECT_OBJC_ISA_USAGE = YES_ERROR;
				CLANG_WARN_DOCUMENTATION_COMMENTS = YES;
				CLANG_WARN_EMPTY_BODY = YES;
				CLANG_WARN_ENUM_CONVERSION = YES;
				CLANG_WARN_INFINITE_RECURSION = YES;
				CLANG_WARN_INT_CONVERSION = YES;
				CLANG_WARN_NON_LITERAL_NULL_CONVERSION = YES;
				CLANG_WARN_OBJC_IMPLICIT_RETAIN_SELF = YES;
				CLANG_WARN_OBJC_LITERAL_CONVERSION = YES;
				CLANG_WARN_OBJC_ROOT_CLASS = YES_ERROR;
				CLANG_WARN_QUOTED_INCLUDE_IN_FRAMEWORK_HEADER = YES;
				CLANG_WARN_RANGE_LOOP_ANALYSIS = YES;
				CLANG_WARN_STRICT_PROTOTYPES = YES;
				CLANG_WARN_SUSPICIOUS_MOVE = YES;
				CLANG_WARN_UNGUARDED_AVAILABILITY = YES_AGGRESSIVE;
				CLANG_WARN_UNREACHABLE_CODE = YES;
				CLANG_WARN__DUPLICATE_METHOD_MATCH = YES;
				COPY_PHASE_STRIP = NO;
				DEBUG_INFORMATION_FORMAT = "dwarf-with-dsym";
				ENABLE_NS_ASSERTIONS = NO;
				ENABLE_STRICT_OBJC_MSGSEND = YES;
				GCC_C_LANGUAGE_STANDARD = gnu11;
				GCC_NO_COMMON_BLOCKS = YES;
				GCC_WARN_64_TO_32_BIT_CONVERSION = YES;
				GCC_WARN_ABOUT_RETURN_TYPE = YES_ERROR;
				GCC_WARN_UNDECLARED_SELECTOR = YES;
				GCC_WARN_UNINITIALIZED_AUTOS = YES_AGGRESSIVE;
				GCC_WARN_UNUSED_FUNCTION = YES;
				GCC_WARN_UNUSED_VARIABLE = YES;
				IPHONEOS_DEPLOYMENT_TARGET = 16.4;
				MTL_ENABLE_DEBUG_INFO = NO;
				MTL_FAST_MATH = YES;
				SDKROOT = iphoneos;
				SWIFT_COMPILATION_MODE = wholemodule;
				SWIFT_OPTIMIZATION_LEVEL = "-O";
				VALIDATE_PRODUCT = YES;
			};
			name = Release;
		};
		5DE8F6C52A617CCF006EEF7A /* Debug */ = {
			isa = XCBuildConfiguration;
			buildSettings = {
				ASSETCATALOG_COMPILER_APPICON_NAME = AppIcon;
				ASSETCATALOG_COMPILER_GLOBAL_ACCENT_COLOR_NAME = AccentColor;
				CODE_SIGN_STYLE = Automatic;
				CURRENT_PROJECT_VERSION = 1;
				DEVELOPMENT_TEAM = U54N9MV9TR;
				GENERATE_INFOPLIST_FILE = YES;
				INFOPLIST_FILE = "Image App/App/Info.plist";
				INFOPLIST_KEY_UIApplicationSupportsIndirectInputEvents = YES;
				INFOPLIST_KEY_UILaunchStoryboardName = LaunchScreen;
				INFOPLIST_KEY_UISupportedInterfaceOrientations = UIInterfaceOrientationPortrait;
				INFOPLIST_KEY_UISupportedInterfaceOrientations_iPad = "UIInterfaceOrientationLandscapeLeft UIInterfaceOrientationLandscapeRight UIInterfaceOrientationPortrait UIInterfaceOrientationPortraitUpsideDown";
				LD_RUNPATH_SEARCH_PATHS = (
					"$(inherited)",
					"@executable_path/Frameworks",
				);
				MARKETING_VERSION = 1.0;
				PRODUCT_BUNDLE_IDENTIFIER = "Egor-Kruglov.Image-App";
				PRODUCT_NAME = "$(TARGET_NAME)";
				SUPPORTED_PLATFORMS = "iphoneos iphonesimulator";
				SUPPORTS_MACCATALYST = NO;
				SUPPORTS_MAC_DESIGNED_FOR_IPHONE_IPAD = NO;
				SWIFT_EMIT_LOC_STRINGS = YES;
				SWIFT_VERSION = 5.0;
				TARGETED_DEVICE_FAMILY = 1;
			};
			name = Debug;
		};
		5DE8F6C62A617CCF006EEF7A /* Release */ = {
			isa = XCBuildConfiguration;
			buildSettings = {
				ASSETCATALOG_COMPILER_APPICON_NAME = AppIcon;
				ASSETCATALOG_COMPILER_GLOBAL_ACCENT_COLOR_NAME = AccentColor;
				CODE_SIGN_STYLE = Automatic;
				CURRENT_PROJECT_VERSION = 1;
				DEVELOPMENT_TEAM = U54N9MV9TR;
				GENERATE_INFOPLIST_FILE = YES;
				INFOPLIST_FILE = "Image App/App/Info.plist";
				INFOPLIST_KEY_UIApplicationSupportsIndirectInputEvents = YES;
				INFOPLIST_KEY_UILaunchStoryboardName = LaunchScreen;
				INFOPLIST_KEY_UISupportedInterfaceOrientations = UIInterfaceOrientationPortrait;
				INFOPLIST_KEY_UISupportedInterfaceOrientations_iPad = "UIInterfaceOrientationLandscapeLeft UIInterfaceOrientationLandscapeRight UIInterfaceOrientationPortrait UIInterfaceOrientationPortraitUpsideDown";
				LD_RUNPATH_SEARCH_PATHS = (
					"$(inherited)",
					"@executable_path/Frameworks",
				);
				MARKETING_VERSION = 1.0;
				PRODUCT_BUNDLE_IDENTIFIER = "Egor-Kruglov.Image-App";
				PRODUCT_NAME = "$(TARGET_NAME)";
				SUPPORTED_PLATFORMS = "iphoneos iphonesimulator";
				SUPPORTS_MACCATALYST = NO;
				SUPPORTS_MAC_DESIGNED_FOR_IPHONE_IPAD = NO;
				SWIFT_EMIT_LOC_STRINGS = YES;
				SWIFT_VERSION = 5.0;
				TARGETED_DEVICE_FAMILY = 1;
			};
			name = Release;
		};
/* End XCBuildConfiguration section */

/* Begin XCConfigurationList section */
		5DE8F6AB2A617CCE006EEF7A /* Build configuration list for PBXProject "Image App" */ = {
			isa = XCConfigurationList;
			buildConfigurations = (
				5DE8F6C22A617CCF006EEF7A /* Debug */,
				5DE8F6C32A617CCF006EEF7A /* Release */,
			);
			defaultConfigurationIsVisible = 0;
			defaultConfigurationName = Release;
		};
		5DE8F6C42A617CCF006EEF7A /* Build configuration list for PBXNativeTarget "Image App" */ = {
			isa = XCConfigurationList;
			buildConfigurations = (
				5DE8F6C52A617CCF006EEF7A /* Debug */,
				5DE8F6C62A617CCF006EEF7A /* Release */,
			);
			defaultConfigurationIsVisible = 0;
			defaultConfigurationName = Release;
		};
/* End XCConfigurationList section */

/* Begin XCRemoteSwiftPackageReference section */
		5DE8F6DB2A61B62A006EEF7A /* XCRemoteSwiftPackageReference "Kingfisher" */ = {
			isa = XCRemoteSwiftPackageReference;
			repositoryURL = "https://github.com/onevcat/Kingfisher.git";
			requirement = {
				kind = upToNextMajorVersion;
				minimumVersion = 7.0.0;
			};
		};
/* End XCRemoteSwiftPackageReference section */

/* Begin XCSwiftPackageProductDependency section */
		5DE8F6DC2A61B62A006EEF7A /* Kingfisher */ = {
			isa = XCSwiftPackageProductDependency;
			package = 5DE8F6DB2A61B62A006EEF7A /* XCRemoteSwiftPackageReference "Kingfisher" */;
			productName = Kingfisher;
		};
/* End XCSwiftPackageProductDependency section */
	};
	rootObject = 5DE8F6A82A617CCE006EEF7A /* Project object */;
}
